// !$*UTF8*$!
{
	archiveVersion = 1;
	classes = {
	};
	objectVersion = 77;
	objects = {

/* Begin PBXBuildFile section */
		F1B01A2B2FBBE5E400BE0F00 /* TactileMapKit in Frameworks */ = {isa = PBXBuildFile; productRef = F1B01A2A2FBBE5E400BE0F00 /* TactileMapKit */; };
/* End PBXBuildFile section */

/* Begin PBXContainerItemProxy section */
		F1B01A0D2FBBE4D900BE0F00 /* PBXContainerItemProxy */ = {
			isa = PBXContainerItemProxy;
			containerPortal = F1B019F72FBBE4D600BE0F00 /* Project object */;
			proxyType = 1;
			remoteGlobalIDString = F1B019FE2FBBE4D600BE0F00;
			remoteInfo = TactileMapDemo;
		};
		F1B01A172FBBE4D900BE0F00 /* PBXContainerItemProxy */ = {
			isa = PBXContainerItemProxy;
			containerPortal = F1B019F72FBBE4D600BE0F00 /* Project object */;
			proxyType = 1;
			remoteGlobalIDString = F1B019FE2FBBE4D600BE0F00;
			remoteInfo = TactileMapDemo;
		};
/* End PBXContainerItemProxy section */

/* Begin PBXFileReference section */
		F1B019FF2FBBE4D600BE0F00 /* TactileMapDemo.app */ = {isa = PBXFileReference; explicitFileType = wrapper.application; includeInIndex = 0; path = TactileMapDemo.app; sourceTree = BUILT_PRODUCTS_DIR; };
		F1B01A0C2FBBE4D900BE0F00 /* TactileMapDemoTests.xctest */ = {isa = PBXFileReference; explicitFileType = wrapper.cfbundle; includeInIndex = 0; path = TactileMapDemoTests.xctest; sourceTree = BUILT_PRODUCTS_DIR; };
		F1B01A162FBBE4D900BE0F00 /* TactileMapDemoUITests.xctest */ = {isa = PBXFileReference; explicitFileType = wrapper.cfbundle; includeInIndex = 0; path = TactileMapDemoUITests.xctest; sourceTree = BUILT_PRODUCTS_DIR; };
/* End PBXFileReference section */

/* Begin PBXFileSystemSynchronizedRootGroup section */
		F1B01A012FBBE4D600BE0F00 /* TactileMapDemo */ = {
			isa = PBXFileSystemSynchronizedRootGroup;
			path = TactileMapDemo;
			sourceTree = "<group>";
		};
		F1B01A0F2FBBE4D900BE0F00 /* TactileMapDemoTests */ = {
			isa = PBXFileSystemSynchronizedRootGroup;
			path = TactileMapDemoTests;
			sourceTree = "<group>";
		};
		F1B01A192FBBE4D900BE0F00 /* TactileMapDemoUITests */ = {
			isa = PBXFileSystemSynchronizedRootGroup;
			path = TactileMapDemoUITests;
			sourceTree = "<group>";
		};
/* End PBXFileSystemSynchronizedRootGroup section */

/* Begin PBXFrameworksBuildPhase section */
		F1B019FC2FBBE4D600BE0F00 /* Frameworks */ = {
			isa = PBXFrameworksBuildPhase;
			buildActionMask = 2147483647;
			files = (
				F1B01A2B2FBBE5E400BE0F00 /* TactileMapKit in Frameworks */,
			);
			runOnlyForDeploymentPostprocessing = 0;
		};
		F1B01A092FBBE4D900BE0F00 /* Frameworks */ = {
			isa = PBXFrameworksBuildPhase;
			buildActionMask = 2147483647;
			files = (
			);
			runOnlyForDeploymentPostprocessing = 0;
		};
		F1B01A132FBBE4D900BE0F00 /* Frameworks */ = {
			isa = PBXFrameworksBuildPhase;
			buildActionMask = 2147483647;
			files = (
			);
			runOnlyForDeploymentPostprocessing = 0;
		};
/* End PBXFrameworksBuildPhase section */

/* Begin PBXGroup section */
		F1B019F62FBBE4D600BE0F00 = {
			isa = PBXGroup;
			children = (
				F1B01A012FBBE4D600BE0F00 /* TactileMapDemo */,
				F1B01A0F2FBBE4D900BE0F00 /* TactileMapDemoTests */,
				F1B01A192FBBE4D900BE0F00 /* TactileMapDemoUITests */,
				F1B01A002FBBE4D600BE0F00 /* Products */,
			);
			sourceTree = "<group>";
		};
		F1B01A002FBBE4D600BE0F00 /* Products */ = {
			isa = PBXGroup;
			children = (
				F1B019FF2FBBE4D600BE0F00 /* TactileMapDemo.app */,
				F1B01A0C2FBBE4D900BE0F00 /* TactileMapDemoTests.xctest */,
				F1B01A162FBBE4D900BE0F00 /* TactileMapDemoUITests.xctest */,
			);
			name = Products;
			sourceTree = "<group>";
		};
/* End PBXGroup section */

/* Begin PBXNativeTarget section */
		F1B019FE2FBBE4D600BE0F00 /* TactileMapDemo */ = {
			isa = PBXNativeTarget;
			buildConfigurationList = F1B01A202FBBE4D900BE0F00 /* Build configuration list for PBXNativeTarget "TactileMapDemo" */;
			buildPhases = (
				F1B019FB2FBBE4D600BE0F00 /* Sources */,
				F1B019FC2FBBE4D600BE0F00 /* Frameworks */,
				F1B019FD2FBBE4D600BE0F00 /* Resources */,
			);
			buildRules = (
			);
			dependencies = (
			);
			fileSystemSynchronizedGroups = (
				F1B01A012FBBE4D600BE0F00 /* TactileMapDemo */,
			);
			name = TactileMapDemo;
			packageProductDependencies = (
				F1B01A2A2FBBE5E400BE0F00 /* TactileMapKit */,
			);
			productName = TactileMapDemo;
			productReference = F1B019FF2FBBE4D600BE0F00 /* TactileMapDemo.app */;
			productType = "com.apple.product-type.application";
		};
		F1B01A0B2FBBE4D900BE0F00 /* TactileMapDemoTests */ = {
			isa = PBXNativeTarget;
			buildConfigurationList = F1B01A232FBBE4D900BE0F00 /* Build configuration list for PBXNativeTarget "TactileMapDemoTests" */;
			buildPhases = (
				F1B01A082FBBE4D900BE0F00 /* Sources */,
				F1B01A092FBBE4D900BE0F00 /* Frameworks */,
				F1B01A0A2FBBE4D900BE0F00 /* Resources */,
			);
			buildRules = (
			);
			dependencies = (
				F1B01A0E2FBBE4D900BE0F00 /* PBXTargetDependency */,
			);
			fileSystemSynchronizedGroups = (
				F1B01A0F2FBBE4D900BE0F00 /* TactileMapDemoTests */,
			);
			name = TactileMapDemoTests;
			packageProductDependencies = (
			);
			productName = TactileMapDemoTests;
			productReference = F1B01A0C2FBBE4D900BE0F00 /* TactileMapDemoTests.xctest */;
			productType = "com.apple.product-type.bundle.unit-test";
		};
		F1B01A152FBBE4D900BE0F00 /* TactileMapDemoUITests */ = {
			isa = PBXNativeTarget;
			buildConfigurationList = F1B01A262FBBE4D900BE0F00 /* Build configuration list for PBXNativeTarget "TactileMapDemoUITests" */;
			buildPhases = (
				F1B01A122FBBE4D900BE0F00 /* Sources */,
				F1B01A132FBBE4D900BE0F00 /* Frameworks */,
				F1B01A142FBBE4D900BE0F00 /* Resources */,
			);
			buildRules = (
			);
			dependencies = (
				F1B01A182FBBE4D900BE0F00 /* PBXTargetDependency */,
			);
			fileSystemSynchronizedGroups = (
				F1B01A192FBBE4D900BE0F00 /* TactileMapDemoUITests */,
			);
			name = TactileMapDemoUITests;
			packageProductDependencies = (
			);
			productName = TactileMapDemoUITests;
			productReference = F1B01A162FBBE4D900BE0F00 /* TactileMapDemoUITests.xctest */;
			productType = "com.apple.product-type.bundle.ui-testing";
		};
/* End PBXNativeTarget section */

/* Begin PBXProject section */
		F1B019F72FBBE4D600BE0F00 /* Project object */ = {
			isa = PBXProject;
			attributes = {
				BuildIndependentTargetsInParallel = 1;
				LastSwiftUpdateCheck = 2620;
				LastUpgradeCheck = 2620;
				TargetAttributes = {
					F1B019FE2FBBE4D600BE0F00 = {
						CreatedOnToolsVersion = 26.2;
					};
					F1B01A0B2FBBE4D900BE0F00 = {
						CreatedOnToolsVersion = 26.2;
						TestTargetID = F1B019FE2FBBE4D600BE0F00;
					};
					F1B01A152FBBE4D900BE0F00 = {
						CreatedOnToolsVersion = 26.2;
						TestTargetID = F1B019FE2FBBE4D600BE0F00;
					};
				};
			};
			buildConfigurationList = F1B019FA2FBBE4D600BE0F00 /* Build configuration list for PBXProject "TactileMapDemo" */;
			developmentRegion = en;
			hasScannedForEncodings = 0;
			knownRegions = (
				en,
				Base,
			);
			mainGroup = F1B019F62FBBE4D600BE0F00;
			minimizedProjectReferenceProxies = 1;
			packageReferences = (
				F1B01A292FBBE5E400BE0F00 /* XCRemoteSwiftPackageReference "ProjectMultiNav" */,
			);
			preferredProjectObjectVersion = 77;
			productRefGroup = F1B01A002FBBE4D600BE0F00 /* Products */;
			projectDirPath = "";
			projectRoot = "";
			targets = (
				F1B019FE2FBBE4D600BE0F00 /* TactileMapDemo */,
				F1B01A0B2FBBE4D900BE0F00 /* TactileMapDemoTests */,
				F1B01A152FBBE4D900BE0F00 /* TactileMapDemoUITests */,
			);
		};
/* End PBXProject section */

/* Begin PBXResourcesBuildPhase section */
		F1B019FD2FBBE4D600BE0F00 /* Resources */ = {
			isa = PBXResourcesBuildPhase;
			buildActionMask = 2147483647;
			files = (
			);
			runOnlyForDeploymentPostprocessing = 0;
		};
		F1B01A0A2FBBE4D900BE0F00 /* Resources */ = {
			isa = PBXResourcesBuildPhase;
			buildActionMask = 2147483647;
			files = (
			);
			runOnlyForDeploymentPostprocessing = 0;
		};
		F1B01A142FBBE4D900BE0F00 /* Resources */ = {
			isa = PBXResourcesBuildPhase;
			buildActionMask = 2147483647;
			files = (
			);
			runOnlyForDeploymentPostprocessing = 0;
		};
/* End PBXResourcesBuildPhase section */

/* Begin PBXSourcesBuildPhase section */
		F1B019FB2FBBE4D600BE0F00 /* Sources */ = {
			isa = PBXSourcesBuildPhase;
			buildActionMask = 2147483647;
			files = (
			);
			runOnlyForDeploymentPostprocessing = 0;
		};
		F1B01A082FBBE4D900BE0F00 /* Sources */ = {
			isa = PBXSourcesBuildPhase;
			buildActionMask = 2147483647;
			files = (
			);
			runOnlyForDeploymentPostprocessing = 0;
		};
		F1B01A122FBBE4D900BE0F00 /* Sources */ = {
			isa = PBXSourcesBuildPhase;
			buildActionMask = 2147483647;
			files = (
			);
			runOnlyForDeploymentPostprocessing = 0;
		};
/* End PBXSourcesBuildPhase section */

/* Begin PBXTargetDependency section */
		F1B01A0E2FBBE4D900BE0F00 /* PBXTargetDependency */ = {
			isa = PBXTargetDependency;
			target = F1B019FE2FBBE4D600BE0F00 /* TactileMapDemo */;
			targetProxy = F1B01A0D2FBBE4D900BE0F00 /* PBXContainerItemProxy */;
		};
		F1B01A182FBBE4D900BE0F00 /* PBXTargetDependency */ = {
			isa = PBXTargetDependency;
			target = F1B019FE2FBBE4D600BE0F00 /* TactileMapDemo */;
			targetProxy = F1B01A172FBBE4D900BE0F00 /* PBXContainerItemProxy */;
		};
/* End PBXTargetDependency section */

/* Begin XCBuildConfiguration section */
		F1B01A1E2FBBE4D900BE0F00 /* Debug */ = {
			isa = XCBuildConfiguration;
			buildSettings = {
				ALWAYS_SEARCH_USER_PATHS = NO;
				ASSETCATALOG_COMPILER_GENERATE_SWIFT_ASSET_SYMBOL_EXTENSIONS = YES;
				CLANG_ANALYZER_NONNULL = YES;
				CLANG_ANALYZER_NUMBER_OBJECT_CONVERSION = YES_AGGRESSIVE;
				CLANG_CXX_LANGUAGE_STANDARD = "gnu++20";
				CLANG_ENABLE_MODULES = YES;
				CLANG_ENABLE_OBJC_ARC = YES;
				CLANG_ENABLE_OBJC_WEAK = YES;
				CLANG_WARN_BLOCK_CAPTURE_AUTORELEASING = YES;
				CLANG_WARN_BOOL_CONVERSION = YES;
				CLANG_WARN_COMMA = YES;
				CLANG_WARN_CONSTANT_CONVERSION = YES;
				CLANG_WARN_DEPRECATED_OBJC_IMPLEMENTATIONS = YES;
				CLANG_WARN_DIRECT_OBJC_ISA_USAGE = YES_ERROR;
				CLANG_WARN_DOCUMENTATION_COMMENTS = YES;
				CLANG_WARN_EMPTY_BODY = YES;
				CLANG_WARN_ENUM_CONVERSION = YES;
				CLANG_WARN_INFINITE_RECURSION = YES;
				CLANG_WARN_INT_CONVERSION = YES;
				CLANG_WARN_NON_LITERAL_NULL_CONVERSION = YES;
				CLANG_WARN_OBJC_IMPLICIT_RETAIN_SELF = YES;
				CLANG_WARN_OBJC_LITERAL_CONVERSION = YES;
				CLANG_WARN_OBJC_ROOT_CLASS = YES_ERROR;
				CLANG_WARN_QUOTED_INCLUDE_IN_FRAMEWORK_HEADER = YES;
				CLANG_WARN_RANGE_LOOP_ANALYSIS = YES;
				CLANG_WARN_STRICT_PROTOTYPES = YES;
				CLANG_WARN_SUSPICIOUS_MOVE = YES;
				CLANG_WARN_UNGUARDED_AVAILABILITY = YES_AGGRESSIVE;
				CLANG_WARN_UNREACHABLE_CODE = YES;
				CLANG_WARN__DUPLICATE_METHOD_MATCH = YES;
				COPY_PHASE_STRIP = NO;
				DEBUG_INFORMATION_FORMAT = dwarf;
				DEVELOPMENT_TEAM = 9WP58NUV7H;
				ENABLE_STRICT_OBJC_MSGSEND = YES;
				ENABLE_TESTABILITY = YES;
				ENABLE_USER_SCRIPT_SANDBOXING = YES;
				GCC_C_LANGUAGE_STANDARD = gnu17;
				GCC_DYNAMIC_NO_PIC = NO;
				GCC_NO_COMMON_BLOCKS = YES;
				GCC_OPTIMIZATION_LEVEL = 0;
				GCC_PREPROCESSOR_DEFINITIONS = (
					"DEBUG=1",
					"$(inherited)",
				);
				GCC_WARN_64_TO_32_BIT_CONVERSION = YES;
				GCC_WARN_ABOUT_RETURN_TYPE = YES_ERROR;
				GCC_WARN_UNDECLARED_SELECTOR = YES;
				GCC_WARN_UNINITIALIZED_AUTOS = YES_AGGRESSIVE;
				GCC_WARN_UNUSED_FUNCTION = YES;
				GCC_WARN_UNUSED_VARIABLE = YES;
				IPHONEOS_DEPLOYMENT_TARGET = 26.2;
				LOCALIZATION_PREFERS_STRING_CATALOGS = YES;
				MTL_ENABLE_DEBUG_INFO = INCLUDE_SOURCE;
				MTL_FAST_MATH = YES;
				ONLY_ACTIVE_ARCH = YES;
				SDKROOT = iphoneos;
				SWIFT_ACTIVE_COMPILATION_CONDITIONS = "DEBUG $(inherited)";
				SWIFT_OPTIMIZATION_LEVEL = "-Onone";
			};
			name = Debug;
		};
		F1B01A1F2FBBE4D900BE0F00 /* Release */ = {
			isa = XCBuildConfiguration;
			buildSettings = {
				ALWAYS_SEARCH_USER_PATHS = NO;
				ASSETCATALOG_COMPILER_GENERATE_SWIFT_ASSET_SYMBOL_EXTENSIONS = YES;
				CLANG_ANALYZER_NONNULL = YES;
				CLANG_ANALYZER_NUMBER_OBJECT_CONVERSION = YES_AGGRESSIVE;
				CLANG_CXX_LANGUAGE_STANDARD = "gnu++20";
				CLANG_ENABLE_MODULES = YES;
				CLANG_ENABLE_OBJC_ARC = YES;
				CLANG_ENABLE_OBJC_WEAK = YES;
				CLANG_WARN_BLOCK_CAPTURE_AUTORELEASING = YES;
				CLANG_WARN_BOOL_CONVERSION = YES;
				CLANG_WARN_COMMA = YES;
				CLANG_WARN_CONSTANT_CONVERSION = YES;
				CLANG_WARN_DEPRECATED_OBJC_IMPLEMENTATIONS = YES;
				CLANG_WARN_DIRECT_OBJC_ISA_USAGE = YES_ERROR;
				CLANG_WARN_DOCUMENTATION_COMMENTS = YES;
				CLANG_WARN_EMPTY_BODY = YES;
				CLANG_WARN_ENUM_CONVERSION = YES;
				CLANG_WARN_INFINITE_RECURSION = YES;
				CLANG_WARN_INT_CONVERSION = YES;
				CLANG_WARN_NON_LITERAL_NULL_CONVERSION = YES;
				CLANG_WARN_OBJC_IMPLICIT_RETAIN_SELF = YES;
				CLANG_WARN_OBJC_LITERAL_CONVERSION = YES;
				CLANG_WARN_OBJC_ROOT_CLASS = YES_ERROR;
				CLANG_WARN_QUOTED_INCLUDE_IN_FRAMEWORK_HEADER = YES;
				CLANG_WARN_RANGE_LOOP_ANALYSIS = YES;
				CLANG_WARN_STRICT_PROTOTYPES = YES;
				CLANG_WARN_SUSPICIOUS_MOVE = YES;
				CLANG_WARN_UNGUARDED_AVAILABILITY = YES_AGGRESSIVE;
				CLANG_WARN_UNREACHABLE_CODE = YES;
				CLANG_WARN__DUPLICATE_METHOD_MATCH = YES;
				COPY_PHASE_STRIP = NO;
				DEBUG_INFORMATION_FORMAT = "dwarf-with-dsym";
				DEVELOPMENT_TEAM = 9WP58NUV7H;
				ENABLE_NS_ASSERTIONS = NO;
				ENABLE_STRICT_OBJC_MSGSEND = YES;
				ENABLE_USER_SCRIPT_SANDBOXING = YES;
				GCC_C_LANGUAGE_STANDARD = gnu17;
				GCC_NO_COMMON_BLOCKS = YES;
				GCC_WARN_64_TO_32_BIT_CONVERSION = YES;
				GCC_WARN_ABOUT_RETURN_TYPE = YES_ERROR;
				GCC_WARN_UNDECLARED_SELECTOR = YES;
				GCC_WARN_UNINITIALIZED_AUTOS = YES_AGGRESSIVE;
				GCC_WARN_UNUSED_FUNCTION = YES;
				GCC_WARN_UNUSED_VARIABLE = YES;
				IPHONEOS_DEPLOYMENT_TARGET = 26.2;
				LOCALIZATION_PREFERS_STRING_CATALOGS = YES;
				MTL_ENABLE_DEBUG_INFO = NO;
				MTL_FAST_MATH = YES;
				SDKROOT = iphoneos;
				SWIFT_COMPILATION_MODE = wholemodule;
				VALIDATE_PRODUCT = YES;
			};
			name = Release;
		};
		F1B01A212FBBE4D900BE0F00 /* Debug */ = {
			isa = XCBuildConfiguration;
			buildSettings = {
				ASSETCATALOG_COMPILER_APPICON_NAME = AppIcon;
				ASSETCATALOG_COMPILER_GLOBAL_ACCENT_COLOR_NAME = AccentColor;
				CODE_SIGN_IDENTITY = "Apple Development";
				CODE_SIGN_STYLE = Automatic;
				CURRENT_PROJECT_VERSION = 1;
				DEVELOPMENT_TEAM = K2WQH7G8CP;
				ENABLE_PREVIEWS = YES;
				GENERATE_INFOPLIST_FILE = YES;
				INFOPLIST_KEY_NSLocalNetworkUsageDescription = "Used to connect devices on the local network.";
				INFOPLIST_KEY_NSMicrophoneUsageDescription = "Required for spatial audio processing.";
				INFOPLIST_KEY_UIApplicationSceneManifest_Generation = YES;
				INFOPLIST_KEY_UIApplicationSupportsIndirectInputEvents = YES;
				INFOPLIST_KEY_UILaunchScreen_Generation = YES;
				INFOPLIST_KEY_UISupportedInterfaceOrientations_iPad = "UIInterfaceOrientationPortrait UIInterfaceOrientationPortraitUpsideDown UIInterfaceOrientationLandscapeLeft UIInterfaceOrientationLandscapeRight";
				INFOPLIST_KEY_UISupportedInterfaceOrientations_iPhone = "UIInterfaceOrientationPortrait UIInterfaceOrientationLandscapeLeft UIInterfaceOrientationLandscapeRight";
				LD_RUNPATH_SEARCH_PATHS = (
					"$(inherited)",
					"@executable_path/Frameworks",
				);
				MARKETING_VERSION = 1.0;
				PRODUCT_BUNDLE_IDENTIFIER = com.unar.tac;
				PRODUCT_NAME = "$(TARGET_NAME)";
				PROVISIONING_PROFILE_SPECIFIER = "";
				STRING_CATALOG_GENERATE_SYMBOLS = YES;
				SWIFT_APPROACHABLE_CONCURRENCY = YES;
				SWIFT_DEFAULT_ACTOR_ISOLATION = MainActor;
				SWIFT_EMIT_LOC_STRINGS = YES;
				SWIFT_UPCOMING_FEATURE_MEMBER_IMPORT_VISIBILITY = YES;
				SWIFT_VERSION = 5.0;
				TARGETED_DEVICE_FAMILY = "1,2";
			};
			name = Debug;
		};
		F1B01A222FBBE4D900BE0F00 /* Release */ = {
			isa = XCBuildConfiguration;
			buildSettings = {
				ASSETCATALOG_COMPILER_APPICON_NAME = AppIcon;
				ASSETCATALOG_COMPILER_GLOBAL_ACCENT_COLOR_NAME = AccentColor;
				CODE_SIGN_IDENTITY = "Apple Development";
				CODE_SIGN_STYLE = Automatic;
				CURRENT_PROJECT_VERSION = 1;
				DEVELOPMENT_TEAM = K2WQH7G8CP;
				ENABLE_PREVIEWS = YES;
				GENERATE_INFOPLIST_FILE = YES;
				INFOPLIST_KEY_NSLocalNetworkUsageDescription = "Used to connect devices on the local network.";
				INFOPLIST_KEY_NSMicrophoneUsageDescription = "Required for spatial audio processing.";
				INFOPLIST_KEY_UIApplicationSceneManifest_Generation = YES;
				INFOPLIST_KEY_UIApplicationSupportsIndirectInputEvents = YES;
				INFOPLIST_KEY_UILaunchScreen_Generation = YES;
				INFOPLIST_KEY_UISupportedInterfaceOrientations_iPad = "UIInterfaceOrientationPortrait UIInterfaceOrientationPortraitUpsideDown UIInterfaceOrientationLandscapeLeft UIInterfaceOrientationLandscapeRight";
				INFOPLIST_KEY_UISupportedInterfaceOrientations_iPhone = "UIInterfaceOrientationPortrait UIInterfaceOrientationLandscapeLeft UIInterfaceOrientationLandscapeRight";
				LD_RUNPATH_SEARCH_PATHS = (
					"$(inherited)",
					"@executable_path/Frameworks",
				);
				MARKETING_VERSION = 1.0;
				PRODUCT_BUNDLE_IDENTIFIER = com.unar.tac;
				PRODUCT_NAME = "$(TARGET_NAME)";
				PROVISIONING_PROFILE_SPECIFIER = "";
				STRING_CATALOG_GENERATE_SYMBOLS = YES;
				SWIFT_APPROACHABLE_CONCURRENCY = YES;
				SWIFT_DEFAULT_ACTOR_ISOLATION = MainActor;
				SWIFT_EMIT_LOC_STRINGS = YES;
				SWIFT_UPCOMING_FEATURE_MEMBER_IMPORT_VISIBILITY = YES;
				SWIFT_VERSION = 5.0;
				TARGETED_DEVICE_FAMILY = "1,2";
			};
			name = Release;
		};
		F1B01A242FBBE4D900BE0F00 /* Debug */ = {
			isa = XCBuildConfiguration;
			buildSettings = {
				BUNDLE_LOADER = "$(TEST_HOST)";
				CODE_SIGN_STYLE = Automatic;
				CURRENT_PROJECT_VERSION = 1;
				DEVELOPMENT_TEAM = 9WP58NUV7H;
				GENERATE_INFOPLIST_FILE = YES;
				IPHONEOS_DEPLOYMENT_TARGET = 26.2;
				MARKETING_VERSION = 1.0;
				PRODUCT_BUNDLE_IDENTIFIER = com.vatsalya.research.TactileMapDemoTests;
				PRODUCT_NAME = "$(TARGET_NAME)";
				STRING_CATALOG_GENERATE_SYMBOLS = NO;
				SWIFT_APPROACHABLE_CONCURRENCY = YES;
				SWIFT_EMIT_LOC_STRINGS = NO;
				SWIFT_UPCOMING_FEATURE_MEMBER_IMPORT_VISIBILITY = YES;
				SWIFT_VERSION = 5.0;
				TARGETED_DEVICE_FAMILY = "1,2";
				TEST_HOST = "$(BUILT_PRODUCTS_DIR)/TactileMapDemo.app/$(BUNDLE_EXECUTABLE_FOLDER_PATH)/TactileMapDemo";
			};
			name = Debug;
		};
		F1B01A252FBBE4D900BE0F00 /* Release */ = {
			isa = XCBuildConfiguration;
			buildSettings = {
				BUNDLE_LOADER = "$(TEST_HOST)";
				CODE_SIGN_STYLE = Automatic;
				CURRENT_PROJECT_VERSION = 1;
				DEVELOPMENT_TEAM = 9WP58NUV7H;
				GENERATE_INFOPLIST_FILE = YES;
				IPHONEOS_DEPLOYMENT_TARGET = 26.2;
				MARKETING_VERSION = 1.0;
				PRODUCT_BUNDLE_IDENTIFIER = com.vatsalya.research.TactileMapDemoTests;
				PRODUCT_NAME = "$(TARGET_NAME)";
				STRING_CATALOG_GENERATE_SYMBOLS = NO;
				SWIFT_APPROACHABLE_CONCURRENCY = YES;
				SWIFT_EMIT_LOC_STRINGS = NO;
				SWIFT_UPCOMING_FEATURE_MEMBER_IMPORT_VISIBILITY = YES;
				SWIFT_VERSION = 5.0;
				TARGETED_DEVICE_FAMILY = "1,2";
				TEST_HOST = "$(BUILT_PRODUCTS_DIR)/TactileMapDemo.app/$(BUNDLE_EXECUTABLE_FOLDER_PATH)/TactileMapDemo";
			};
			name = Release;
		};
		F1B01A272FBBE4D900BE0F00 /* Debug */ = {
			isa = XCBuildConfiguration;
			buildSettings = {
				CODE_SIGN_STYLE = Automatic;
				CURRENT_PROJECT_VERSION = 1;
				DEVELOPMENT_TEAM = 9WP58NUV7H;
				GENERATE_INFOPLIST_FILE = YES;
				MARKETING_VERSION = 1.0;
				PRODUCT_BUNDLE_IDENTIFIER = com.vatsalya.research.TactileMapDemoUITests;
				PRODUCT_NAME = "$(TARGET_NAME)";
				STRING_CATALOG_GENERATE_SYMBOLS = NO;
				SWIFT_APPROACHABLE_CONCURRENCY = YES;
				SWIFT_EMIT_LOC_STRINGS = NO;
				SWIFT_UPCOMING_FEATURE_MEMBER_IMPORT_VISIBILITY = YES;
				SWIFT_VERSION = 5.0;
				TARGETED_DEVICE_FAMILY = "1,2";
				TEST_TARGET_NAME = TactileMapDemo;
			};
			name = Debug;
		};
		F1B01A282FBBE4D900BE0F00 /* Release */ = {
			isa = XCBuildConfiguration;
			buildSettings = {
				CODE_SIGN_STYLE = Automatic;
				CURRENT_PROJECT_VERSION = 1;
				DEVELOPMENT_TEAM = 9WP58NUV7H;
				GENERATE_INFOPLIST_FILE = YES;
				MARKETING_VERSION = 1.0;
				PRODUCT_BUNDLE_IDENTIFIER = com.vatsalya.research.TactileMapDemoUITests;
				PRODUCT_NAME = "$(TARGET_NAME)";
				STRING_CATALOG_GENERATE_SYMBOLS = NO;
				SWIFT_APPROACHABLE_CONCURRENCY = YES;
				SWIFT_EMIT_LOC_STRINGS = NO;
				SWIFT_UPCOMING_FEATURE_MEMBER_IMPORT_VISIBILITY = YES;
				SWIFT_VERSION = 5.0;
				TARGETED_DEVICE_FAMILY = "1,2";
				TEST_TARGET_NAME = TactileMapDemo;
			};
			name = Release;
		};
/* End XCBuildConfiguration section */

/* Begin XCConfigurationList section */
		F1B019FA2FBBE4D600BE0F00 /* Build configuration list for PBXProject "TactileMapDemo" */ = {
			isa = XCConfigurationList;
			buildConfigurations = (
				F1B01A1E2FBBE4D900BE0F00 /* Debug */,
				F1B01A1F2FBBE4D900BE0F00 /* Release */,
			);
			defaultConfigurationIsVisible = 0;
			defaultConfigurationName = Release;
		};
		F1B01A202FBBE4D900BE0F00 /* Build configuration list for PBXNativeTarget "TactileMapDemo" */ = {
			isa = XCConfigurationList;
			buildConfigurations = (
				F1B01A212FBBE4D900BE0F00 /* Debug */,
				F1B01A222FBBE4D900BE0F00 /* Release */,
			);
			defaultConfigurationIsVisible = 0;
			defaultConfigurationName = Release;
		};
		F1B01A232FBBE4D900BE0F00 /* Build configuration list for PBXNativeTarget "TactileMapDemoTests" */ = {
			isa = XCConfigurationList;
			buildConfigurations = (
				F1B01A242FBBE4D900BE0F00 /* Debug */,
				F1B01A252FBBE4D900BE0F00 /* Release */,
			);
			defaultConfigurationIsVisible = 0;
			defaultConfigurationName = Release;
		};
		F1B01A262FBBE4D900BE0F00 /* Build configuration list for PBXNativeTarget "TactileMapDemoUITests" */ = {
			isa = XCConfigurationList;
			buildConfigurations = (
				F1B01A272FBBE4D900BE0F00 /* Debug */,
				F1B01A282FBBE4D900BE0F00 /* Release */,
			);
			defaultConfigurationIsVisible = 0;
			defaultConfigurationName = Release;
		};
/* End XCConfigurationList section */

/* Begin XCRemoteSwiftPackageReference section */
		F1B01A292FBBE5E400BE0F00 /* XCRemoteSwiftPackageReference "ProjectMultiNav" */ = {
			isa = XCRemoteSwiftPackageReference;
			repositoryURL = "https://github.com/Hariprasath88/ProjectMultiNav";
			requirement = {
				branch = main;
				kind = branch;
			};
		};
/* End XCRemoteSwiftPackageReference section */

/* Begin XCSwiftPackageProductDependency section */
		F1B01A2A2FBBE5E400BE0F00 /* TactileMapKit */ = {
			isa = XCSwiftPackageProductDependency;
			package = F1B01A292FBBE5E400BE0F00 /* XCRemoteSwiftPackageReference "ProjectMultiNav" */;
			productName = TactileMapKit;
		};
/* End XCSwiftPackageProductDependency section */
	};
	rootObject = F1B019F72FBBE4D600BE0F00 /* Project object */;
}
